// !$*UTF8*$!
{
	archiveVersion = 1;
	classes = {
	};
	objectVersion = 50;
	objects = {

/* Begin PBXBuildFile section */
		AAA5EF9B255CFC3D000B3E84 /* AppDelegate.swift in Sources */ = {isa = PBXBuildFile; fileRef = AAA5EF9A255CFC3D000B3E84 /* AppDelegate.swift */; };
		AAA5EF9D255CFC3D000B3E84 /* SceneDelegate.swift in Sources */ = {isa = PBXBuildFile; fileRef = AAA5EF9C255CFC3D000B3E84 /* SceneDelegate.swift */; };
		AAA5EF9F255CFC3D000B3E84 /* ViewController.swift in Sources */ = {isa = PBXBuildFile; fileRef = AAA5EF9E255CFC3D000B3E84 /* ViewController.swift */; };
		AAA5EFA2255CFC3D000B3E84 /* Main.storyboard in Resources */ = {isa = PBXBuildFile; fileRef = AAA5EFA0255CFC3D000B3E84 /* Main.storyboard */; };
		AAA5EFA4255CFC3E000B3E84 /* Assets.xcassets in Resources */ = {isa = PBXBuildFile; fileRef = AAA5EFA3255CFC3E000B3E84 /* Assets.xcassets */; };
		AAA5EFA7255CFC3E000B3E84 /* LaunchScreen.storyboard in Resources */ = {isa = PBXBuildFile; fileRef = AAA5EFA5255CFC3E000B3E84 /* LaunchScreen.storyboard */; };
		AAA5EFB2255CFC3E000B3E84 /* PlayingCardTests.swift in Sources */ = {isa = PBXBuildFile; fileRef = AAA5EFB1255CFC3E000B3E84 /* PlayingCardTests.swift */; };
		AAA5EFBD255CFC3E000B3E84 /* PlayingCardUITests.swift in Sources */ = {isa = PBXBuildFile; fileRef = AAA5EFBC255CFC3E000B3E84 /* PlayingCardUITests.swift */; };
/* End PBXBuildFile section */

/* Begin PBXContainerItemProxy section */
		AAA5EFAE255CFC3E000B3E84 /* PBXContainerItemProxy */ = {
			isa = PBXContainerItemProxy;
			containerPortal = AAA5EF8F255CFC3C000B3E84 /* Project object */;
			proxyType = 1;
			remoteGlobalIDString = AAA5EF96255CFC3C000B3E84;
			remoteInfo = PlayingCard;
		};
		AAA5EFB9255CFC3E000B3E84 /* PBXContainerItemProxy */ = {
			isa = PBXContainerItemProxy;
			containerPortal = AAA5EF8F255CFC3C000B3E84 /* Project object */;
			proxyType = 1;
			remoteGlobalIDString = AAA5EF96255CFC3C000B3E84;
			remoteInfo = PlayingCard;
		};
/* End PBXContainerItemProxy section */

/* Begin PBXFileReference section */
		AAA5EF97255CFC3D000B3E84 /* PlayingCard.app */ = {isa = PBXFileReference; explicitFileType = wrapper.application; includeInIndex = 0; path = PlayingCard.app; sourceTree = BUILT_PRODUCTS_DIR; };
		AAA5EF9A255CFC3D000B3E84 /* AppDelegate.swift */ = {isa = PBXFileReference; lastKnownFileType = sourcecode.swift; path = AppDelegate.swift; sourceTree = "<group>"; };
		AAA5EF9C255CFC3D000B3E84 /* SceneDelegate.swift */ = {isa = PBXFileReference; lastKnownFileType = sourcecode.swift; path = SceneDelegate.swift; sourceTree = "<group>"; };
		AAA5EF9E255CFC3D000B3E84 /* ViewController.swift */ = {isa = PBXFileReference; lastKnownFileType = sourcecode.swift; path = ViewController.swift; sourceTree = "<group>"; };
		AAA5EFA1255CFC3D000B3E84 /* Base */ = {isa = PBXFileReference; lastKnownFileType = file.storyboard; name = Base; path = Base.lproj/Main.storyboard; sourceTree = "<group>"; };
		AAA5EFA3255CFC3E000B3E84 /* Assets.xcassets */ = {isa = PBXFileReference; lastKnownFileType = folder.assetcatalog; path = Assets.xcassets; sourceTree = "<group>"; };
		AAA5EFA6255CFC3E000B3E84 /* Base */ = {isa = PBXFileReference; lastKnownFileType = file.storyboard; name = Base; path = Base.lproj/LaunchScreen.storyboard; sourceTree = "<group>"; };
		AAA5EFA8255CFC3E000B3E84 /* Info.plist */ = {isa = PBXFileReference; lastKnownFileType = text.plist.xml; path = Info.plist; sourceTree = "<group>"; };
		AAA5EFAD255CFC3E000B3E84 /* PlayingCardTests.xctest */ = {isa = PBXFileReference; explicitFileType = wrapper.cfbundle; includeInIndex = 0; path = PlayingCardTests.xctest; sourceTree = BUILT_PRODUCTS_DIR; };
		AAA5EFB1255CFC3E000B3E84 /* PlayingCardTests.swift */ = {isa = PBXFileReference; lastKnownFileType = sourcecode.swift; path = PlayingCardTests.swift; sourceTree = "<group>"; };
		AAA5EFB3255CFC3E000B3E84 /* Info.plist */ = {isa = PBXFileReference; lastKnownFileType = text.plist.xml; path = Info.plist; sourceTree = "<group>"; };
		AAA5EFB8255CFC3E000B3E84 /* PlayingCardUITests.xctest */ = {isa = PBXFileReference; explicitFileType = wrapper.cfbundle; includeInIndex = 0; path = PlayingCardUITests.xctest; sourceTree = BUILT_PRODUCTS_DIR; };
		AAA5EFBC255CFC3E000B3E84 /* PlayingCardUITests.swift */ = {isa = PBXFileReference; lastKnownFileType = sourcecode.swift; path = PlayingCardUITests.swift; sourceTree = "<group>"; };
		AAA5EFBE255CFC3E000B3E84 /* Info.plist */ = {isa = PBXFileReference; lastKnownFileType = text.plist.xml; path = Info.plist; sourceTree = "<group>"; };
/* End PBXFileReference section */

/* Begin PBXFrameworksBuildPhase section */
		AAA5EF94255CFC3C000B3E84 /* Frameworks */ = {
			isa = PBXFrameworksBuildPhase;
			buildActionMask = 2147483647;
			files = (
			);
			runOnlyForDeploymentPostprocessing = 0;
		};
		AAA5EFAA255CFC3E000B3E84 /* Frameworks */ = {
			isa = PBXFrameworksBuildPhase;
			buildActionMask = 2147483647;
			files = (
			);
			runOnlyForDeploymentPostprocessing = 0;
		};
		AAA5EFB5255CFC3E000B3E84 /* Frameworks */ = {
			isa = PBXFrameworksBuildPhase;
			buildActionMask = 2147483647;
			files = (
			);
			runOnlyForDeploymentPostprocessing = 0;
		};
/* End PBXFrameworksBuildPhase section */

/* Begin PBXGroup section */
		AAA5EF8E255CFC3C000B3E84 = {
			isa = PBXGroup;
			children = (
				AAA5EF99255CFC3D000B3E84 /* PlayingCard */,
				AAA5EFB0255CFC3E000B3E84 /* PlayingCardTests */,
				AAA5EFBB255CFC3E000B3E84 /* PlayingCardUITests */,
				AAA5EF98255CFC3D000B3E84 /* Products */,
			);
			sourceTree = "<group>";
		};
		AAA5EF98255CFC3D000B3E84 /* Products */ = {
			isa = PBXGroup;
			children = (
				AAA5EF97255CFC3D000B3E84 /* PlayingCard.app */,
				AAA5EFAD255CFC3E000B3E84 /* PlayingCardTests.xctest */,
				AAA5EFB8255CFC3E000B3E84 /* PlayingCardUITests.xctest */,
			);
			name = Products;
			sourceTree = "<group>";
		};
		AAA5EF99255CFC3D000B3E84 /* PlayingCard */ = {
			isa = PBXGroup;
			children = (
				AAA5EF9A255CFC3D000B3E84 /* AppDelegate.swift */,
				AAA5EF9C255CFC3D000B3E84 /* SceneDelegate.swift */,
				AAA5EF9E255CFC3D000B3E84 /* ViewController.swift */,
				AAA5EFA0255CFC3D000B3E84 /* Main.storyboard */,
				AAA5EFA3255CFC3E000B3E84 /* Assets.xcassets */,
				AAA5EFA5255CFC3E000B3E84 /* LaunchScreen.storyboard */,
				AAA5EFA8255CFC3E000B3E84 /* Info.plist */,
			);
			path = PlayingCard;
			sourceTree = "<group>";
		};
		AAA5EFB0255CFC3E000B3E84 /* PlayingCardTests */ = {
			isa = PBXGroup;
			children = (
				AAA5EFB1255CFC3E000B3E84 /* PlayingCardTests.swift */,
				AAA5EFB3255CFC3E000B3E84 /* Info.plist */,
			);
			path = PlayingCardTests;
			sourceTree = "<group>";
		};
		AAA5EFBB255CFC3E000B3E84 /* PlayingCardUITests */ = {
			isa = PBXGroup;
			children = (
				AAA5EFBC255CFC3E000B3E84 /* PlayingCardUITests.swift */,
				AAA5EFBE255CFC3E000B3E84 /* Info.plist */,
			);
			path = PlayingCardUITests;
			sourceTree = "<group>";
		};
/* End PBXGroup section */

/* Begin PBXNativeTarget section */
		AAA5EF96255CFC3C000B3E84 /* PlayingCard */ = {
			isa = PBXNativeTarget;
			buildConfigurationList = AAA5EFC1255CFC3E000B3E84 /* Build configuration list for PBXNativeTarget "PlayingCard" */;
			buildPhases = (
				AAA5EF93255CFC3C000B3E84 /* Sources */,
				AAA5EF94255CFC3C000B3E84 /* Frameworks */,
				AAA5EF95255CFC3C000B3E84 /* Resources */,
			);
			buildRules = (
			);
			dependencies = (
			);
			name = PlayingCard;
			productName = PlayingCard;
			productReference = AAA5EF97255CFC3D000B3E84 /* PlayingCard.app */;
			productType = "com.apple.product-type.application";
		};
		AAA5EFAC255CFC3E000B3E84 /* PlayingCardTests */ = {
			isa = PBXNativeTarget;
			buildConfigurationList = AAA5EFC4255CFC3E000B3E84 /* Build configuration list for PBXNativeTarget "PlayingCardTests" */;
			buildPhases = (
				AAA5EFA9255CFC3E000B3E84 /* Sources */,
				AAA5EFAA255CFC3E000B3E84 /* Frameworks */,
				AAA5EFAB255CFC3E000B3E84 /* Resources */,
			);
			buildRules = (
			);
			dependencies = (
				AAA5EFAF255CFC3E000B3E84 /* PBXTargetDependency */,
			);
			name = PlayingCardTests;
			productName = PlayingCardTests;
			productReference = AAA5EFAD255CFC3E000B3E84 /* PlayingCardTests.xctest */;
			productType = "com.apple.product-type.bundle.unit-test";
		};
		AAA5EFB7255CFC3E000B3E84 /* PlayingCardUITests */ = {
			isa = PBXNativeTarget;
			buildConfigurationList = AAA5EFC7255CFC3E000B3E84 /* Build configuration list for PBXNativeTarget "PlayingCardUITests" */;
			buildPhases = (
				AAA5EFB4255CFC3E000B3E84 /* Sources */,
				AAA5EFB5255CFC3E000B3E84 /* Frameworks */,
				AAA5EFB6255CFC3E000B3E84 /* Resources */,
			);
			buildRules = (
			);
			dependencies = (
				AAA5EFBA255CFC3E000B3E84 /* PBXTargetDependency */,
			);
			name = PlayingCardUITests;
			productName = PlayingCardUITests;
			productReference = AAA5EFB8255CFC3E000B3E84 /* PlayingCardUITests.xctest */;
			productType = "com.apple.product-type.bundle.ui-testing";
		};
/* End PBXNativeTarget section */

/* Begin PBXProject section */
		AAA5EF8F255CFC3C000B3E84 /* Project object */ = {
			isa = PBXProject;
			attributes = {
				LastSwiftUpdateCheck = 1210;
				LastUpgradeCheck = 1210;
				TargetAttributes = {
					AAA5EF96255CFC3C000B3E84 = {
						CreatedOnToolsVersion = 12.1;
					};
					AAA5EFAC255CFC3E000B3E84 = {
						CreatedOnToolsVersion = 12.1;
						TestTargetID = AAA5EF96255CFC3C000B3E84;
					};
					AAA5EFB7255CFC3E000B3E84 = {
						CreatedOnToolsVersion = 12.1;
						TestTargetID = AAA5EF96255CFC3C000B3E84;
					};
				};
			};
			buildConfigurationList = AAA5EF92255CFC3C000B3E84 /* Build configuration list for PBXProject "PlayingCard" */;
			compatibilityVersion = "Xcode 9.3";
			developmentRegion = en;
			hasScannedForEncodings = 0;
			knownRegions = (
				en,
				Base,
			);
			mainGroup = AAA5EF8E255CFC3C000B3E84;
			productRefGroup = AAA5EF98255CFC3D000B3E84 /* Products */;
			projectDirPath = "";
			projectRoot = "";
			targets = (
				AAA5EF96255CFC3C000B3E84 /* PlayingCard */,
				AAA5EFAC255CFC3E000B3E84 /* PlayingCardTests */,
				AAA5EFB7255CFC3E000B3E84 /* PlayingCardUITests */,
			);
		};
/* End PBXProject section */

/* Begin PBXResourcesBuildPhase section */
		AAA5EF95255CFC3C000B3E84 /* Resources */ = {
			isa = PBXResourcesBuildPhase;
			buildActionMask = 2147483647;
			files = (
				AAA5EFA7255CFC3E000B3E84 /* LaunchScreen.storyboard in Resources */,
				AAA5EFA4255CFC3E000B3E84 /* Assets.xcassets in Resources */,
				AAA5EFA2255CFC3D000B3E84 /* Main.storyboard in Resources */,
			);
			runOnlyForDeploymentPostprocessing = 0;
		};
		AAA5EFAB255CFC3E000B3E84 /* Resources */ = {
			isa = PBXResourcesBuildPhase;
			buildActionMask = 2147483647;
			files = (
			);
			runOnlyForDeploymentPostprocessing = 0;
		};
		AAA5EFB6255CFC3E000B3E84 /* Resources */ = {
			isa = PBXResourcesBuildPhase;
			buildActionMask = 2147483647;
			files = (
			);
			runOnlyForDeploymentPostprocessing = 0;
		};
/* End PBXResourcesBuildPhase section */

/* Begin PBXSourcesBuildPhase section */
		AAA5EF93255CFC3C000B3E84 /* Sources */ = {
			isa = PBXSourcesBuildPhase;
			buildActionMask = 2147483647;
			files = (
				AAA5EF9F255CFC3D000B3E84 /* ViewController.swift in Sources */,
				AAA5EF9B255CFC3D000B3E84 /* AppDelegate.swift in Sources */,
				AAA5EF9D255CFC3D000B3E84 /* SceneDelegate.swift in Sources */,
			);
			runOnlyForDeploymentPostprocessing = 0;
		};
		AAA5EFA9255CFC3E000B3E84 /* Sources */ = {
			isa = PBXSourcesBuildPhase;
			buildActionMask = 2147483647;
			files = (
				AAA5EFB2255CFC3E000B3E84 /* PlayingCardTests.swift in Sources */,
			);
			runOnlyForDeploymentPostprocessing = 0;
		};
		AAA5EFB4255CFC3E000B3E84 /* Sources */ = {
			isa = PBXSourcesBuildPhase;
			buildActionMask = 2147483647;
			files = (
				AAA5EFBD255CFC3E000B3E84 /* PlayingCardUITests.swift in Sources */,
			);
			runOnlyForDeploymentPostprocessing = 0;
		};
/* End PBXSourcesBuildPhase section */

/* Begin PBXTargetDependency section */
		AAA5EFAF255CFC3E000B3E84 /* PBXTargetDependency */ = {
			isa = PBXTargetDependency;
			target = AAA5EF96255CFC3C000B3E84 /* PlayingCard */;
			targetProxy = AAA5EFAE255CFC3E000B3E84 /* PBXContainerItemProxy */;
		};
		AAA5EFBA255CFC3E000B3E84 /* PBXTargetDependency */ = {
			isa = PBXTargetDependency;
			target = AAA5EF96255CFC3C000B3E84 /* PlayingCard */;
			targetProxy = AAA5EFB9255CFC3E000B3E84 /* PBXContainerItemProxy */;
		};
/* End PBXTargetDependency section */

/* Begin PBXVariantGroup section */
		AAA5EFA0255CFC3D000B3E84 /* Main.storyboard */ = {
			isa = PBXVariantGroup;
			children = (
				AAA5EFA1255CFC3D000B3E84 /* Base */,
			);
			name = Main.storyboard;
			sourceTree = "<group>";
		};
		AAA5EFA5255CFC3E000B3E84 /* LaunchScreen.storyboard */ = {
			isa = PBXVariantGroup;
			children = (
				AAA5EFA6255CFC3E000B3E84 /* Base */,
			);
			name = LaunchScreen.storyboard;
			sourceTree = "<group>";
		};
/* End PBXVariantGroup section */

/* Begin XCBuildConfiguration section */
		AAA5EFBF255CFC3E000B3E84 /* Debug */ = {
			isa = XCBuildConfiguration;
			buildSettings = {
				ALWAYS_SEARCH_USER_PATHS = NO;
				CLANG_ANALYZER_NONNULL = YES;
				CLANG_ANALYZER_NUMBER_OBJECT_CONVERSION = YES_AGGRESSIVE;
				CLANG_CXX_LANGUAGE_STANDARD = "gnu++14";
				CLANG_CXX_LIBRARY = "libc++";
				CLANG_ENABLE_MODULES = YES;
				CLANG_ENABLE_OBJC_ARC = YES;
				CLANG_ENABLE_OBJC_WEAK = YES;
				CLANG_WARN_BLOCK_CAPTURE_AUTORELEASING = YES;
				CLANG_WARN_BOOL_CONVERSION = YES;
				CLANG_WARN_COMMA = YES;
				CLANG_WARN_CONSTANT_CONVERSION = YES;
				CLANG_WARN_DEPRECATED_OBJC_IMPLEMENTATIONS = YES;
				CLANG_WARN_DIRECT_OBJC_ISA_USAGE = YES_ERROR;
				CLANG_WARN_DOCUMENTATION_COMMENTS = YES;
				CLANG_WARN_EMPTY_BODY = YES;
				CLANG_WARN_ENUM_CONVERSION = YES;
				CLANG_WARN_INFINITE_RECURSION = YES;
				CLANG_WARN_INT_CONVERSION = YES;
				CLANG_WARN_NON_LITERAL_NULL_CONVERSION = YES;
				CLANG_WARN_OBJC_IMPLICIT_RETAIN_SELF = YES;
				CLANG_WARN_OBJC_LITERAL_CONVERSION = YES;
				CLANG_WARN_OBJC_ROOT_CLASS = YES_ERROR;
				CLANG_WARN_QUOTED_INCLUDE_IN_FRAMEWORK_HEADER = YES;
				CLANG_WARN_RANGE_LOOP_ANALYSIS = YES;
				CLANG_WARN_STRICT_PROTOTYPES = YES;
				CLANG_WARN_SUSPICIOUS_MOVE = YES;
				CLANG_WARN_UNGUARDED_AVAILABILITY = YES_AGGRESSIVE;
				CLANG_WARN_UNREACHABLE_CODE = YES;
				CLANG_WARN__DUPLICATE_METHOD_MATCH = YES;
				COPY_PHASE_STRIP = NO;
				DEBUG_INFORMATION_FORMAT = dwarf;
				ENABLE_STRICT_OBJC_MSGSEND = YES;
				ENABLE_TESTABILITY = YES;
				GCC_C_LANGUAGE_STANDARD = gnu11;
				GCC_DYNAMIC_NO_PIC = NO;
				GCC_NO_COMMON_BLOCKS = YES;
				GCC_OPTIMIZATION_LEVEL = 0;
				GCC_PREPROCESSOR_DEFINITIONS = (
					"DEBUG=1",
					"$(inherited)",
				);
				GCC_WARN_64_TO_32_BIT_CONVERSION = YES;
				GCC_WARN_ABOUT_RETURN_TYPE = YES_ERROR;
				GCC_WARN_UNDECLARED_SELECTOR = YES;
				GCC_WARN_UNINITIALIZED_AUTOS = YES_AGGRESSIVE;
				GCC_WARN_UNUSED_FUNCTION = YES;
				GCC_WARN_UNUSED_VARIABLE = YES;
				IPHONEOS_DEPLOYMENT_TARGET = 14.1;
				MTL_ENABLE_DEBUG_INFO = INCLUDE_SOURCE;
				MTL_FAST_MATH = YES;
				ONLY_ACTIVE_ARCH = YES;
				SDKROOT = iphoneos;
				SWIFT_ACTIVE_COMPILATION_CONDITIONS = DEBUG;
				SWIFT_OPTIMIZATION_LEVEL = "-Onone";
			};
			name = Debug;
		};
		AAA5EFC0255CFC3E000B3E84 /* Release */ = {
			isa = XCBuildConfiguration;
			buildSettings = {
				ALWAYS_SEARCH_USER_PATHS = NO;
				CLANG_ANALYZER_NONNULL = YES;
				CLANG_ANALYZER_NUMBER_OBJECT_CONVERSION = YES_AGGRESSIVE;
				CLANG_CXX_LANGUAGE_STANDARD = "gnu++14";
				CLANG_CXX_LIBRARY = "libc++";
				CLANG_ENABLE_MODULES = YES;
				CLANG_ENABLE_OBJC_ARC = YES;
				CLANG_ENABLE_OBJC_WEAK = YES;
				CLANG_WARN_BLOCK_CAPTURE_AUTORELEASING = YES;
				CLANG_WARN_BOOL_CONVERSION = YES;
				CLANG_WARN_COMMA = YES;
				CLANG_WARN_CONSTANT_CONVERSION = YES;
				CLANG_WARN_DEPRECATED_OBJC_IMPLEMENTATIONS = YES;
				CLANG_WARN_DIRECT_OBJC_ISA_USAGE = YES_ERROR;
				CLANG_WARN_DOCUMENTATION_COMMENTS = YES;
				CLANG_WARN_EMPTY_BODY = YES;
				CLANG_WARN_ENUM_CONVERSION = YES;
				CLANG_WARN_INFINITE_RECURSION = YES;
				CLANG_WARN_INT_CONVERSION = YES;
				CLANG_WARN_NON_LITERAL_NULL_CONVERSION = YES;
				CLANG_WARN_OBJC_IMPLICIT_RETAIN_SELF = YES;
				CLANG_WARN_OBJC_LITERAL_CONVERSION = YES;
				CLANG_WARN_OBJC_ROOT_CLASS = YES_ERROR;
				CLANG_WARN_QUOTED_INCLUDE_IN_FRAMEWORK_HEADER = YES;
				CLANG_WARN_RANGE_LOOP_ANALYSIS = YES;
				CLANG_WARN_STRICT_PROTOTYPES = YES;
				CLANG_WARN_SUSPICIOUS_MOVE = YES;
				CLANG_WARN_UNGUARDED_AVAILABILITY = YES_AGGRESSIVE;
				CLANG_WARN_UNREACHABLE_CODE = YES;
				CLANG_WARN__DUPLICATE_METHOD_MATCH = YES;
				COPY_PHASE_STRIP = NO;
				DEBUG_INFORMATION_FORMAT = "dwarf-with-dsym";
				ENABLE_NS_ASSERTIONS = NO;
				ENABLE_STRICT_OBJC_MSGSEND = YES;
				GCC_C_LANGUAGE_STANDARD = gnu11;
				GCC_NO_COMMON_BLOCKS = YES;
				GCC_WARN_64_TO_32_BIT_CONVERSION = YES;
				GCC_WARN_ABOUT_RETURN_TYPE = YES_ERROR;
				GCC_WARN_UNDECLARED_SELECTOR = YES;
				GCC_WARN_UNINITIALIZED_AUTOS = YES_AGGRESSIVE;
				GCC_WARN_UNUSED_FUNCTION = YES;
				GCC_WARN_UNUSED_VARIABLE = YES;
				IPHONEOS_DEPLOYMENT_TARGET = 14.1;
				MTL_ENABLE_DEBUG_INFO = NO;
				MTL_FAST_MATH = YES;
				SDKROOT = iphoneos;
				SWIFT_COMPILATION_MODE = wholemodule;
				SWIFT_OPTIMIZATION_LEVEL = "-O";
				VALIDATE_PRODUCT = YES;
			};
			name = Release;
		};
		AAA5EFC2255CFC3E000B3E84 /* Debug */ = {
			isa = XCBuildConfiguration;
			buildSettings = {
				ASSETCATALOG_COMPILER_APPICON_NAME = AppIcon;
				ASSETCATALOG_COMPILER_GLOBAL_ACCENT_COLOR_NAME = AccentColor;
				CODE_SIGN_STYLE = Automatic;
				DEVELOPMENT_TEAM = 83N8YDRG6D;
				INFOPLIST_FILE = PlayingCard/Info.plist;
				LD_RUNPATH_SEARCH_PATHS = (
					"$(inherited)",
					"@executable_path/Frameworks",
				);
				PRODUCT_BUNDLE_IDENTIFIER = kuku.lee.app.PlayingCard;
				PRODUCT_NAME = "$(TARGET_NAME)";
				SWIFT_VERSION = 5.0;
				TARGETED_DEVICE_FAMILY = "1,2";
			};
			name = Debug;
		};
		AAA5EFC3255CFC3E000B3E84 /* Release */ = {
			isa = XCBuildConfiguration;
			buildSettings = {
				ASSETCATALOG_COMPILER_APPICON_NAME = AppIcon;
				ASSETCATALOG_COMPILER_GLOBAL_ACCENT_COLOR_NAME = AccentColor;
				CODE_SIGN_STYLE = Automatic;
				DEVELOPMENT_TEAM = 83N8YDRG6D;
				INFOPLIST_FILE = PlayingCard/Info.plist;
				LD_RUNPATH_SEARCH_PATHS = (
					"$(inherited)",
					"@executable_path/Frameworks",
				);
				PRODUCT_BUNDLE_IDENTIFIER = kuku.lee.app.PlayingCard;
				PRODUCT_NAME = "$(TARGET_NAME)";
				SWIFT_VERSION = 5.0;
				TARGETED_DEVICE_FAMILY = "1,2";
			};
			name = Release;
		};
		AAA5EFC5255CFC3E000B3E84 /* Debug */ = {
			isa = XCBuildConfiguration;
			buildSettings = {
				ALWAYS_EMBED_SWIFT_STANDARD_LIBRARIES = YES;
				BUNDLE_LOADER = "$(TEST_HOST)";
				CODE_SIGN_STYLE = Automatic;
				DEVELOPMENT_TEAM = 83N8YDRG6D;
				INFOPLIST_FILE = PlayingCardTests/Info.plist;
				IPHONEOS_DEPLOYMENT_TARGET = 14.1;
				LD_RUNPATH_SEARCH_PATHS = (
					"$(inherited)",
					"@executable_path/Frameworks",
					"@loader_path/Frameworks",
				);
				PRODUCT_BUNDLE_IDENTIFIER = kuku.lee.app.PlayingCardTests;
				PRODUCT_NAME = "$(TARGET_NAME)";
				SWIFT_VERSION = 5.0;
				TARGETED_DEVICE_FAMILY = "1,2";
				TEST_HOST = "$(BUILT_PRODUCTS_DIR)/PlayingCard.app/PlayingCard";
			};
			name = Debug;
		};
		AAA5EFC6255CFC3E000B3E84 /* Release */ = {
			isa = XCBuildConfiguration;
			buildSettings = {
				ALWAYS_EMBED_SWIFT_STANDARD_LIBRARIES = YES;
				BUNDLE_LOADER = "$(TEST_HOST)";
				CODE_SIGN_STYLE = Automatic;
				DEVELOPMENT_TEAM = 83N8YDRG6D;
				INFOPLIST_FILE = PlayingCardTests/Info.plist;
				IPHONEOS_DEPLOYMENT_TARGET = 14.1;
				LD_RUNPATH_SEARCH_PATHS = (
					"$(inherited)",
					"@executable_path/Frameworks",
					"@loader_path/Frameworks",
				);
				PRODUCT_BUNDLE_IDENTIFIER = kuku.lee.app.PlayingCardTests;
				PRODUCT_NAME = "$(TARGET_NAME)";
				SWIFT_VERSION = 5.0;
				TARGETED_DEVICE_FAMILY = "1,2";
				TEST_HOST = "$(BUILT_PRODUCTS_DIR)/PlayingCard.app/PlayingCard";
			};
			name = Release;
		};
		AAA5EFC8255CFC3E000B3E84 /* Debug */ = {
			isa = XCBuildConfiguration;
			buildSettings = {
				ALWAYS_EMBED_SWIFT_STANDARD_LIBRARIES = YES;
				CODE_SIGN_STYLE = Automatic;
				DEVELOPMENT_TEAM = 83N8YDRG6D;
				INFOPLIST_FILE = PlayingCardUITests/Info.plist;
				LD_RUNPATH_SEARCH_PATHS = (
					"$(inherited)",
					"@executable_path/Frameworks",
					"@loader_path/Frameworks",
				);
				PRODUCT_BUNDLE_IDENTIFIER = kuku.lee.app.PlayingCardUITests;
				PRODUCT_NAME = "$(TARGET_NAME)";
				SWIFT_VERSION = 5.0;
				TARGETED_DEVICE_FAMILY = "1,2";
				TEST_TARGET_NAME = PlayingCard;
			};
			name = Debug;
		};
		AAA5EFC9255CFC3E000B3E84 /* Release */ = {
			isa = XCBuildConfiguration;
			buildSettings = {
				ALWAYS_EMBED_SWIFT_STANDARD_LIBRARIES = YES;
				CODE_SIGN_STYLE = Automatic;
				DEVELOPMENT_TEAM = 83N8YDRG6D;
				INFOPLIST_FILE = PlayingCardUITests/Info.plist;
				LD_RUNPATH_SEARCH_PATHS = (
					"$(inherited)",
					"@executable_path/Frameworks",
					"@loader_path/Frameworks",
				);
				PRODUCT_BUNDLE_IDENTIFIER = kuku.lee.app.PlayingCardUITests;
				PRODUCT_NAME = "$(TARGET_NAME)";
				SWIFT_VERSION = 5.0;
				TARGETED_DEVICE_FAMILY = "1,2";
				TEST_TARGET_NAME = PlayingCard;
			};
			name = Release;
		};
/* End XCBuildConfiguration section */

/* Begin XCConfigurationList section */
		AAA5EF92255CFC3C000B3E84 /* Build configuration list for PBXProject "PlayingCard" */ = {
			isa = XCConfigurationList;
			buildConfigurations = (
				AAA5EFBF255CFC3E000B3E84 /* Debug */,
				AAA5EFC0255CFC3E000B3E84 /* Release */,
			);
			defaultConfigurationIsVisible = 0;
			defaultConfigurationName = Release;
		};
		AAA5EFC1255CFC3E000B3E84 /* Build configuration list for PBXNativeTarget "PlayingCard" */ = {
			isa = XCConfigurationList;
			buildConfigurations = (
				AAA5EFC2255CFC3E000B3E84 /* Debug */,
				AAA5EFC3255CFC3E000B3E84 /* Release */,
			);
			defaultConfigurationIsVisible = 0;
			defaultConfigurationName = Release;
		};
		AAA5EFC4255CFC3E000B3E84 /* Build configuration list for PBXNativeTarget "PlayingCardTests" */ = {
			isa = XCConfigurationList;
			buildConfigurations = (
				AAA5EFC5255CFC3E000B3E84 /* Debug */,
				AAA5EFC6255CFC3E000B3E84 /* Release */,
			);
			defaultConfigurationIsVisible = 0;
			defaultConfigurationName = Release;
		};
		AAA5EFC7255CFC3E000B3E84 /* Build configuration list for PBXNativeTarget "PlayingCardUITests" */ = {
			isa = XCConfigurationList;
			buildConfigurations = (
				AAA5EFC8255CFC3E000B3E84 /* Debug */,
				AAA5EFC9255CFC3E000B3E84 /* Release */,
			);
			defaultConfigurationIsVisible = 0;
			defaultConfigurationName = Release;
		};
/* End XCConfigurationList section */
	};
	rootObject = AAA5EF8F255CFC3C000B3E84 /* Project object */;
}
